
Microsoft Visual Studio Solution File, Format Version 12.00
# Visual Studio 15
VisualStudioVersion = 15.0.28307.329
MinimumVisualStudioVersion = 10.0.40219.1
Project("{FAE04EC0-301F-11D3-BF4B-00C04F79EFBC}") = "ToDoApp", "ToDoApp\ToDoApp.csproj", "{5C5C21F0-C953-44EC-B7A0-DA7E3F42369A}"
EndProject
Global
	GlobalSection(SolutionConfigurationPlatforms) = preSolution
		Debug|Any CPU = Debug|Any CPU
		Release|Any CPU = Release|Any CPU
	EndGlobalSection
	GlobalSection(ProjectConfigurationPlatforms) = postSolution
		{5C5C21F0-C953-44EC-B7A0-DA7E3F42369A}.Debug|Any CPU.ActiveCfg = Debug|Any CPU
		{5C5C21F0-C953-44EC-B7A0-DA7E3F42369A}.Debug|Any CPU.Build.0 = Debug|Any CPU
		{5C5C21F0-C953-44EC-B7A0-DA7E3F42369A}.Release|Any CPU.ActiveCfg = Release|Any CPU
		{5C5C21F0-C953-44EC-B7A0-DA7E3F42369A}.Release|Any CPU.Build.0 = Release|Any CPU
	EndGlobalSection
	GlobalSection(SolutionProperties) = preSolution
		HideSolutionNode = FALSE
	EndGlobalSection
	GlobalSection(ExtensibilityGlobals) = postSolution
		SolutionGuid = {405C1503-2531-4A3A-8124-1A4FA683F099}
	EndGlobalSection
EndGlobal
